
Microsoft Visual Studio Solution File, Format Version 12.00
# Visual Studio Version 17
VisualStudioVersion = 17.8.34525.116
MinimumVisualStudioVersion = 10.0.40219.1
Project("{FAE04EC0-301F-11D3-BF4B-00C04F79EFBC}") = "validation and verification]", "validation and verification].csproj", "{5DBCD825-7D69-4D3F-9801-DCB358D0E60B}"
EndProject
Global
	GlobalSection(SolutionConfigurationPlatforms) = preSolution
		Debug|Any CPU = Debug|Any CPU
		Release|Any CPU = Release|Any CPU
	EndGlobalSection
	GlobalSection(ProjectConfigurationPlatforms) = postSolution
		{5DBCD825-7D69-4D3F-9801-DCB358D0E60B}.Debug|Any CPU.ActiveCfg = Debug|Any CPU
		{5DBCD825-7D69-4D3F-9801-DCB358D0E60B}.Debug|Any CPU.Build.0 = Debug|Any CPU
		{5DBCD825-7D69-4D3F-9801-DCB358D0E60B}.Release|Any CPU.ActiveCfg = Release|Any CPU
		{5DBCD825-7D69-4D3F-9801-DCB358D0E60B}.Release|Any CPU.Build.0 = Release|Any CPU
	EndGlobalSection
	GlobalSection(SolutionProperties) = preSolution
		HideSolutionNode = FALSE
	EndGlobalSection
	GlobalSection(ExtensibilityGlobals) = postSolution
		SolutionGuid = {E11C3117-77D9-4C5E-81B7-940F28BB409E}
	EndGlobalSection
EndGlobal
